// !$*UTF8*$!
{
	archiveVersion = 1;
	classes = {
	};
	objectVersion = 46;
	objects = {

/* Begin PBXBuildFile section */
		401E453B1D66E4790034C15B /* LearnRunLoop.m in Sources */ = {isa = PBXBuildFile; fileRef = 401E453A1D66E4790034C15B /* LearnRunLoop.m */; };
		401E45411D66E9300034C15B /* User.m in Sources */ = {isa = PBXBuildFile; fileRef = 401E45401D66E9300034C15B /* User.m */; };
		401E45461D66F9500034C15B /* NSObject+AssociatedObject.m in Sources */ = {isa = PBXBuildFile; fileRef = 401E45451D66F9500034C15B /* NSObject+AssociatedObject.m */; };
		40260CC11D65488600D8CF46 /* ForeignStudent.m in Sources */ = {isa = PBXBuildFile; fileRef = 40260CC01D65488600D8CF46 /* ForeignStudent.m */; };
		40260CC41D6563EA00D8CF46 /* UIViewController+tracking.m in Sources */ = {isa = PBXBuildFile; fileRef = 40260CC31D6563EA00D8CF46 /* UIViewController+tracking.m */; };
		49E773D91D648AAB0053A58D /* main.m in Sources */ = {isa = PBXBuildFile; fileRef = 49E773D81D648AAB0053A58D /* main.m */; };
		49E773DC1D648AAB0053A58D /* AppDelegate.m in Sources */ = {isa = PBXBuildFile; fileRef = 49E773DB1D648AAB0053A58D /* AppDelegate.m */; };
		49E773DF1D648AAB0053A58D /* ViewController.m in Sources */ = {isa = PBXBuildFile; fileRef = 49E773DE1D648AAB0053A58D /* ViewController.m */; };
		49E773E21D648AAB0053A58D /* Main.storyboard in Resources */ = {isa = PBXBuildFile; fileRef = 49E773E01D648AAB0053A58D /* Main.storyboard */; };
		49E773E41D648AAB0053A58D /* Assets.xcassets in Resources */ = {isa = PBXBuildFile; fileRef = 49E773E31D648AAB0053A58D /* Assets.xcassets */; };
		49E773E71D648AAB0053A58D /* LaunchScreen.storyboard in Resources */ = {isa = PBXBuildFile; fileRef = 49E773E51D648AAB0053A58D /* LaunchScreen.storyboard */; };
		49E773F01D648ACE0053A58D /* Student.m in Sources */ = {isa = PBXBuildFile; fileRef = 49E773EF1D648ACE0053A58D /* Student.m */; };
/* End PBXBuildFile section */

/* Begin PBXFileReference section */
		401E45391D66E4790034C15B /* LearnRunLoop.h */ = {isa = PBXFileReference; fileEncoding = 4; lastKnownFileType = sourcecode.c.h; path = LearnRunLoop.h; sourceTree = "<group>"; };
		401E453A1D66E4790034C15B /* LearnRunLoop.m */ = {isa = PBXFileReference; fileEncoding = 4; lastKnownFileType = sourcecode.c.objc; path = LearnRunLoop.m; sourceTree = "<group>"; };
		401E453F1D66E9300034C15B /* User.h */ = {isa = PBXFileReference; fileEncoding = 4; lastKnownFileType = sourcecode.c.h; path = User.h; sourceTree = "<group>"; };
		401E45401D66E9300034C15B /* User.m */ = {isa = PBXFileReference; fileEncoding = 4; lastKnownFileType = sourcecode.c.objc; path = User.m; sourceTree = "<group>"; };
		401E45441D66F9500034C15B /* NSObject+AssociatedObject.h */ = {isa = PBXFileReference; fileEncoding = 4; lastKnownFileType = sourcecode.c.h; path = "NSObject+AssociatedObject.h"; sourceTree = "<group>"; };
		401E45451D66F9500034C15B /* NSObject+AssociatedObject.m */ = {isa = PBXFileReference; fileEncoding = 4; lastKnownFileType = sourcecode.c.objc; path = "NSObject+AssociatedObject.m"; sourceTree = "<group>"; };
		40260CBF1D65488600D8CF46 /* ForeignStudent.h */ = {isa = PBXFileReference; fileEncoding = 4; lastKnownFileType = sourcecode.c.h; path = ForeignStudent.h; sourceTree = "<group>"; };
		40260CC01D65488600D8CF46 /* ForeignStudent.m */ = {isa = PBXFileReference; fileEncoding = 4; lastKnownFileType = sourcecode.c.objc; path = ForeignStudent.m; sourceTree = "<group>"; };
		40260CC21D6563EA00D8CF46 /* UIViewController+tracking.h */ = {isa = PBXFileReference; fileEncoding = 4; lastKnownFileType = sourcecode.c.h; path = "UIViewController+tracking.h"; sourceTree = "<group>"; };
		40260CC31D6563EA00D8CF46 /* UIViewController+tracking.m */ = {isa = PBXFileReference; fileEncoding = 4; lastKnownFileType = sourcecode.c.objc; path = "UIViewController+tracking.m"; sourceTree = "<group>"; };
		49E773D41D648AAB0053A58D /* LearnRuntime.app */ = {isa = PBXFileReference; explicitFileType = wrapper.application; includeInIndex = 0; path = LearnRuntime.app; sourceTree = BUILT_PRODUCTS_DIR; };
		49E773D81D648AAB0053A58D /* main.m */ = {isa = PBXFileReference; lastKnownFileType = sourcecode.c.objc; path = main.m; sourceTree = "<group>"; };
		49E773DA1D648AAB0053A58D /* AppDelegate.h */ = {isa = PBXFileReference; lastKnownFileType = sourcecode.c.h; path = AppDelegate.h; sourceTree = "<group>"; };
		49E773DB1D648AAB0053A58D /* AppDelegate.m */ = {isa = PBXFileReference; lastKnownFileType = sourcecode.c.objc; path = AppDelegate.m; sourceTree = "<group>"; };
		49E773DD1D648AAB0053A58D /* ViewController.h */ = {isa = PBXFileReference; lastKnownFileType = sourcecode.c.h; path = ViewController.h; sourceTree = "<group>"; };
		49E773DE1D648AAB0053A58D /* ViewController.m */ = {isa = PBXFileReference; lastKnownFileType = sourcecode.c.objc; path = ViewController.m; sourceTree = "<group>"; };
		49E773E11D648AAB0053A58D /* Base */ = {isa = PBXFileReference; lastKnownFileType = file.storyboard; name = Base; path = Base.lproj/Main.storyboard; sourceTree = "<group>"; };
		49E773E31D648AAB0053A58D /* Assets.xcassets */ = {isa = PBXFileReference; lastKnownFileType = folder.assetcatalog; path = Assets.xcassets; sourceTree = "<group>"; };
		49E773E61D648AAB0053A58D /* Base */ = {isa = PBXFileReference; lastKnownFileType = file.storyboard; name = Base; path = Base.lproj/LaunchScreen.storyboard; sourceTree = "<group>"; };
		49E773E81D648AAB0053A58D /* Info.plist */ = {isa = PBXFileReference; lastKnownFileType = text.plist.xml; path = Info.plist; sourceTree = "<group>"; };
		49E773EE1D648ACE0053A58D /* Student.h */ = {isa = PBXFileReference; fileEncoding = 4; lastKnownFileType = sourcecode.c.h; path = Student.h; sourceTree = "<group>"; };
		49E773EF1D648ACE0053A58D /* Student.m */ = {isa = PBXFileReference; fileEncoding = 4; lastKnownFileType = sourcecode.c.objc; path = Student.m; sourceTree = "<group>"; };
/* End PBXFileReference section */

/* Begin PBXFrameworksBuildPhase section */
		49E773D11D648AAB0053A58D /* Frameworks */ = {
			isa = PBXFrameworksBuildPhase;
			buildActionMask = 2147483647;
			files = (
			);
			runOnlyForDeploymentPostprocessing = 0;
		};
/* End PBXFrameworksBuildPhase section */

/* Begin PBXGroup section */
		401E453C1D66E8AD0034C15B /* 消息转发 */ = {
			isa = PBXGroup;
			children = (
				49E773EE1D648ACE0053A58D /* Student.h */,
				49E773EF1D648ACE0053A58D /* Student.m */,
				40260CBF1D65488600D8CF46 /* ForeignStudent.h */,
				40260CC01D65488600D8CF46 /* ForeignStudent.m */,
			);
			name = "消息转发";
			sourceTree = "<group>";
		};
		401E453D1D66E8FC0034C15B /* Method Swizzling */ = {
			isa = PBXGroup;
			children = (
				40260CC21D6563EA00D8CF46 /* UIViewController+tracking.h */,
				40260CC31D6563EA00D8CF46 /* UIViewController+tracking.m */,
			);
			name = "Method Swizzling";
			sourceTree = "<group>";
		};
		401E453E1D66E9120034C15B /* RunLoop */ = {
			isa = PBXGroup;
			children = (
				401E45391D66E4790034C15B /* LearnRunLoop.h */,
				401E453A1D66E4790034C15B /* LearnRunLoop.m */,
			);
			name = RunLoop;
			sourceTree = "<group>";
		};
		401E45421D66F8C60034C15B /* Property应用实例 */ = {
			isa = PBXGroup;
			children = (
				401E453F1D66E9300034C15B /* User.h */,
				401E45401D66E9300034C15B /* User.m */,
			);
			name = "Property应用实例";
			sourceTree = "<group>";
		};
		401E45431D66F8E80034C15B /* Runtime */ = {
			isa = PBXGroup;
			children = (
				401E45421D66F8C60034C15B /* Property应用实例 */,
				401E453D1D66E8FC0034C15B /* Method Swizzling */,
				401E453C1D66E8AD0034C15B /* 消息转发 */,
				401E45471D66F9570034C15B /* AssociatedObject */,
			);
			name = Runtime;
			sourceTree = "<group>";
		};
		401E45471D66F9570034C15B /* AssociatedObject */ = {
			isa = PBXGroup;
			children = (
				401E45441D66F9500034C15B /* NSObject+AssociatedObject.h */,
				401E45451D66F9500034C15B /* NSObject+AssociatedObject.m */,
			);
			name = AssociatedObject;
			sourceTree = "<group>";
		};
		49E773CB1D648AAB0053A58D = {
			isa = PBXGroup;
			children = (
				49E773D61D648AAB0053A58D /* LearnRuntime */,
				49E773D51D648AAB0053A58D /* Products */,
			);
			sourceTree = "<group>";
		};
		49E773D51D648AAB0053A58D /* Products */ = {
			isa = PBXGroup;
			children = (
				49E773D41D648AAB0053A58D /* LearnRuntime.app */,
			);
			name = Products;
			sourceTree = "<group>";
		};
		49E773D61D648AAB0053A58D /* LearnRuntime */ = {
			isa = PBXGroup;
			children = (
				49E773DA1D648AAB0053A58D /* AppDelegate.h */,
				49E773DB1D648AAB0053A58D /* AppDelegate.m */,
				49E773DD1D648AAB0053A58D /* ViewController.h */,
				49E773DE1D648AAB0053A58D /* ViewController.m */,
				401E45431D66F8E80034C15B /* Runtime */,
				401E453E1D66E9120034C15B /* RunLoop */,
				49E773E01D648AAB0053A58D /* Main.storyboard */,
				49E773E31D648AAB0053A58D /* Assets.xcassets */,
				49E773E51D648AAB0053A58D /* LaunchScreen.storyboard */,
				49E773E81D648AAB0053A58D /* Info.plist */,
				49E773D71D648AAB0053A58D /* Supporting Files */,
			);
			path = LearnRuntime;
			sourceTree = "<group>";
		};
		49E773D71D648AAB0053A58D /* Supporting Files */ = {
			isa = PBXGroup;
			children = (
				49E773D81D648AAB0053A58D /* main.m */,
			);
			name = "Supporting Files";
			sourceTree = "<group>";
		};
/* End PBXGroup section */

/* Begin PBXNativeTarget section */
		49E773D31D648AAB0053A58D /* LearnRuntime */ = {
			isa = PBXNativeTarget;
			buildConfigurationList = 49E773EB1D648AAB0053A58D /* Build configuration list for PBXNativeTarget "LearnRuntime" */;
			buildPhases = (
				49E773D01D648AAB0053A58D /* Sources */,
				49E773D11D648AAB0053A58D /* Frameworks */,
				49E773D21D648AAB0053A58D /* Resources */,
			);
			buildRules = (
			);
			dependencies = (
			);
			name = LearnRuntime;
			productName = LearnRuntime;
			productReference = 49E773D41D648AAB0053A58D /* LearnRuntime.app */;
			productType = "com.apple.product-type.application";
		};
/* End PBXNativeTarget section */

/* Begin PBXProject section */
		49E773CC1D648AAB0053A58D /* Project object */ = {
			isa = PBXProject;
			attributes = {
				LastUpgradeCheck = 0730;
				ORGANIZATIONNAME = LQQ;
				TargetAttributes = {
					49E773D31D648AAB0053A58D = {
						CreatedOnToolsVersion = 7.3.1;
					};
				};
			};
			buildConfigurationList = 49E773CF1D648AAB0053A58D /* Build configuration list for PBXProject "LearnRuntime" */;
			compatibilityVersion = "Xcode 3.2";
			developmentRegion = English;
			hasScannedForEncodings = 0;
			knownRegions = (
				en,
				Base,
			);
			mainGroup = 49E773CB1D648AAB0053A58D;
			productRefGroup = 49E773D51D648AAB0053A58D /* Products */;
			projectDirPath = "";
			projectRoot = "";
			targets = (
				49E773D31D648AAB0053A58D /* LearnRuntime */,
			);
		};
/* End PBXProject section */

/* Begin PBXResourcesBuildPhase section */
		49E773D21D648AAB0053A58D /* Resources */ = {
			isa = PBXResourcesBuildPhase;
			buildActionMask = 2147483647;
			files = (
				49E773E71D648AAB0053A58D /* LaunchScreen.storyboard in Resources */,
				49E773E41D648AAB0053A58D /* Assets.xcassets in Resources */,
				49E773E21D648AAB0053A58D /* Main.storyboard in Resources */,
			);
			runOnlyForDeploymentPostprocessing = 0;
		};
/* End PBXResourcesBuildPhase section */

/* Begin PBXSourcesBuildPhase section */
		49E773D01D648AAB0053A58D /* Sources */ = {
			isa = PBXSourcesBuildPhase;
			buildActionMask = 2147483647;
			files = (
				401E45411D66E9300034C15B /* User.m in Sources */,
				49E773DF1D648AAB0053A58D /* ViewController.m in Sources */,
				40260CC41D6563EA00D8CF46 /* UIViewController+tracking.m in Sources */,
				401E45461D66F9500034C15B /* NSObject+AssociatedObject.m in Sources */,
				49E773DC1D648AAB0053A58D /* AppDelegate.m in Sources */,
				40260CC11D65488600D8CF46 /* ForeignStudent.m in Sources */,
				49E773D91D648AAB0053A58D /* main.m in Sources */,
				401E453B1D66E4790034C15B /* LearnRunLoop.m in Sources */,
				49E773F01D648ACE0053A58D /* Student.m in Sources */,
			);
			runOnlyForDeploymentPostprocessing = 0;
		};
/* End PBXSourcesBuildPhase section */

/* Begin PBXVariantGroup section */
		49E773E01D648AAB0053A58D /* Main.storyboard */ = {
			isa = PBXVariantGroup;
			children = (
				49E773E11D648AAB0053A58D /* Base */,
			);
			name = Main.storyboard;
			sourceTree = "<group>";
		};
		49E773E51D648AAB0053A58D /* LaunchScreen.storyboard */ = {
			isa = PBXVariantGroup;
			children = (
				49E773E61D648AAB0053A58D /* Base */,
			);
			name = LaunchScreen.storyboard;
			sourceTree = "<group>";
		};
/* End PBXVariantGroup section */

/* Begin XCBuildConfiguration section */
		49E773E91D648AAB0053A58D /* Debug */ = {
			isa = XCBuildConfiguration;
			buildSettings = {
				ALWAYS_SEARCH_USER_PATHS = NO;
				CLANG_ANALYZER_NONNULL = YES;
				CLANG_CXX_LANGUAGE_STANDARD = "gnu++0x";
				CLANG_CXX_LIBRARY = "libc++";
				CLANG_ENABLE_MODULES = YES;
				CLANG_ENABLE_OBJC_ARC = YES;
				CLANG_WARN_BOOL_CONVERSION = YES;
				CLANG_WARN_CONSTANT_CONVERSION = YES;
				CLANG_WARN_DIRECT_OBJC_ISA_USAGE = YES_ERROR;
				CLANG_WARN_EMPTY_BODY = YES;
				CLANG_WARN_ENUM_CONVERSION = YES;
				CLANG_WARN_INT_CONVERSION = YES;
				CLANG_WARN_OBJC_ROOT_CLASS = YES_ERROR;
				CLANG_WARN_UNREACHABLE_CODE = YES;
				CLANG_WARN__DUPLICATE_METHOD_MATCH = YES;
				"CODE_SIGN_IDENTITY[sdk=iphoneos*]" = "iPhone Developer";
				COPY_PHASE_STRIP = NO;
				DEBUG_INFORMATION_FORMAT = dwarf;
				ENABLE_STRICT_OBJC_MSGSEND = YES;
				ENABLE_TESTABILITY = YES;
				GCC_C_LANGUAGE_STANDARD = gnu99;
				GCC_DYNAMIC_NO_PIC = NO;
				GCC_NO_COMMON_BLOCKS = YES;
				GCC_OPTIMIZATION_LEVEL = 0;
				GCC_PREPROCESSOR_DEFINITIONS = (
					"DEBUG=1",
					"$(inherited)",
				);
				GCC_WARN_64_TO_32_BIT_CONVERSION = YES;
				GCC_WARN_ABOUT_RETURN_TYPE = YES_ERROR;
				GCC_WARN_UNDECLARED_SELECTOR = YES;
				GCC_WARN_UNINITIALIZED_AUTOS = YES_AGGRESSIVE;
				GCC_WARN_UNUSED_FUNCTION = YES;
				GCC_WARN_UNUSED_VARIABLE = YES;
				IPHONEOS_DEPLOYMENT_TARGET = 9.3;
				MTL_ENABLE_DEBUG_INFO = YES;
				ONLY_ACTIVE_ARCH = YES;
				SDKROOT = iphoneos;
				TARGETED_DEVICE_FAMILY = "1,2";
			};
			name = Debug;
		};
		49E773EA1D648AAB0053A58D /* Release */ = {
			isa = XCBuildConfiguration;
			buildSettings = {
				ALWAYS_SEARCH_USER_PATHS = NO;
				CLANG_ANALYZER_NONNULL = YES;
				CLANG_CXX_LANGUAGE_STANDARD = "gnu++0x";
				CLANG_CXX_LIBRARY = "libc++";
				CLANG_ENABLE_MODULES = YES;
				CLANG_ENABLE_OBJC_ARC = YES;
				CLANG_WARN_BOOL_CONVERSION = YES;
				CLANG_WARN_CONSTANT_CONVERSION = YES;
				CLANG_WARN_DIRECT_OBJC_ISA_USAGE = YES_ERROR;
				CLANG_WARN_EMPTY_BODY = YES;
				CLANG_WARN_ENUM_CONVERSION = YES;
				CLANG_WARN_INT_CONVERSION = YES;
				CLANG_WARN_OBJC_ROOT_CLASS = YES_ERROR;
				CLANG_WARN_UNREACHABLE_CODE = YES;
				CLANG_WARN__DUPLICATE_METHOD_MATCH = YES;
				"CODE_SIGN_IDENTITY[sdk=iphoneos*]" = "iPhone Developer";
				COPY_PHASE_STRIP = NO;
				DEBUG_INFORMATION_FORMAT = "dwarf-with-dsym";
				ENABLE_NS_ASSERTIONS = NO;
				ENABLE_STRICT_OBJC_MSGSEND = YES;
				GCC_C_LANGUAGE_STANDARD = gnu99;
				GCC_NO_COMMON_BLOCKS = YES;
				GCC_WARN_64_TO_32_BIT_CONVERSION = YES;
				GCC_WARN_ABOUT_RETURN_TYPE = YES_ERROR;
				GCC_WARN_UNDECLARED_SELECTOR = YES;
				GCC_WARN_UNINITIALIZED_AUTOS = YES_AGGRESSIVE;
				GCC_WARN_UNUSED_FUNCTION = YES;
				GCC_WARN_UNUSED_VARIABLE = YES;
				IPHONEOS_DEPLOYMENT_TARGET = 9.3;
				MTL_ENABLE_DEBUG_INFO = NO;
				SDKROOT = iphoneos;
				TARGETED_DEVICE_FAMILY = "1,2";
				VALIDATE_PRODUCT = YES;
			};
			name = Release;
		};
		49E773EC1D648AAB0053A58D /* Debug */ = {
			isa = XCBuildConfiguration;
			buildSettings = {
				ASSETCATALOG_COMPILER_APPICON_NAME = AppIcon;
				INFOPLIST_FILE = LearnRuntime/Info.plist;
				LD_RUNPATH_SEARCH_PATHS = "$(inherited) @executable_path/Frameworks";
				PRODUCT_BUNDLE_IDENTIFIER = com.baisi.lqq.LearnRuntime;
				PRODUCT_NAME = "$(TARGET_NAME)";
			};
			name = Debug;
		};
		49E773ED1D648AAB0053A58D /* Release */ = {
			isa = XCBuildConfiguration;
			buildSettings = {
				ASSETCATALOG_COMPILER_APPICON_NAME = AppIcon;
				INFOPLIST_FILE = LearnRuntime/Info.plist;
				LD_RUNPATH_SEARCH_PATHS = "$(inherited) @executable_path/Frameworks";
				PRODUCT_BUNDLE_IDENTIFIER = com.baisi.lqq.LearnRuntime;
				PRODUCT_NAME = "$(TARGET_NAME)";
			};
			name = Release;
		};
/* End XCBuildConfiguration section */

/* Begin XCConfigurationList section */
		49E773CF1D648AAB0053A58D /* Build configuration list for PBXProject "LearnRuntime" */ = {
			isa = XCConfigurationList;
			buildConfigurations = (
				49E773E91D648AAB0053A58D /* Debug */,
				49E773EA1D648AAB0053A58D /* Release */,
			);
			defaultConfigurationIsVisible = 0;
			defaultConfigurationName = Release;
		};
		49E773EB1D648AAB0053A58D /* Build configuration list for PBXNativeTarget "LearnRuntime" */ = {
			isa = XCConfigurationList;
			buildConfigurations = (
				49E773EC1D648AAB0053A58D /* Debug */,
				49E773ED1D648AAB0053A58D /* Release */,
			);
			defaultConfigurationIsVisible = 0;
			defaultConfigurationName = Release;
		};
/* End XCConfigurationList section */
	};
	rootObject = 49E773CC1D648AAB0053A58D /* Project object */;
}
